
Microsoft Visual Studio Solution File, Format Version 12.00
# Visual Studio Version 17
VisualStudioVersion = 17.0.31912.275
MinimumVisualStudioVersion = 10.0.40219.1
Project("{2150E333-8FDC-42A3-9474-1A3956D46DE8}") = "Solution Items", "Solution Items", "{7B88838B-E2E6-4494-90DA-C0D6CE7731B1}"
	ProjectSection(SolutionItems) = preProject
		.editorconfig = .editorconfig
		Directory.Build.props = Directory.Build.props
	EndProjectSection
EndProject
Project("{9A19103F-16F7-4668-BE54-9A1E7A4F7556}") = "SpawnThat", "SpawnThat\SpawnThat.csproj", "{52F8601D-9FBB-4A49-912A-4B05387F11A9}"
EndProject
Project("{9A19103F-16F7-4668-BE54-9A1E7A4F7556}") = "SpawnThat.Tests", "SpawnThat.Tests\SpawnThat.Tests.csproj", "{F76ED58F-B21C-4CE4-A953-CCD85C17A849}"
EndProject
Project("{FAE04EC0-301F-11D3-BF4B-00C04F79EFBC}") = "SpawnThatTestMod", "SpawnThatTestMod\SpawnThatTestMod.csproj", "{9C148332-8D19-4692-AA8D-CC9ACDDE3863}"
EndProject
Global
	GlobalSection(SolutionConfigurationPlatforms) = preSolution
		Debug|Any CPU = Debug|Any CPU
		Release|Any CPU = Release|Any CPU
	EndGlobalSection
	GlobalSection(ProjectConfigurationPlatforms) = postSolution
		{52F8601D-9FBB-4A49-912A-4B05387F11A9}.Debug|Any CPU.ActiveCfg = Debug|Any CPU
		{52F8601D-9FBB-4A49-912A-4B05387F11A9}.Debug|Any CPU.Build.0 = Debug|Any CPU
		{52F8601D-9FBB-4A49-912A-4B05387F11A9}.Release|Any CPU.ActiveCfg = Release|Any CPU
		{52F8601D-9FBB-4A49-912A-4B05387F11A9}.Release|Any CPU.Build.0 = Release|Any CPU
		{F76ED58F-B21C-4CE4-A953-CCD85C17A849}.Debug|Any CPU.ActiveCfg = Debug|Any CPU
		{F76ED58F-B21C-4CE4-A953-CCD85C17A849}.Debug|Any CPU.Build.0 = Debug|Any CPU
		{F76ED58F-B21C-4CE4-A953-CCD85C17A849}.Release|Any CPU.ActiveCfg = Release|Any CPU
		{F76ED58F-B21C-4CE4-A953-CCD85C17A849}.Release|Any CPU.Build.0 = Release|Any CPU
		{9C148332-8D19-4692-AA8D-CC9ACDDE3863}.Debug|Any CPU.ActiveCfg = Debug|Any CPU
		{9C148332-8D19-4692-AA8D-CC9ACDDE3863}.Debug|Any CPU.Build.0 = Debug|Any CPU
		{9C148332-8D19-4692-AA8D-CC9ACDDE3863}.Release|Any CPU.ActiveCfg = Release|Any CPU
		{9C148332-8D19-4692-AA8D-CC9ACDDE3863}.Release|Any CPU.Build.0 = Release|Any CPU
	EndGlobalSection
	GlobalSection(SolutionProperties) = preSolution
		HideSolutionNode = FALSE
	EndGlobalSection
	GlobalSection(ExtensibilityGlobals) = postSolution
		SolutionGuid = {64918EF6-76F5-4A58-A4C5-69434628599F}
	EndGlobalSection
EndGlobal
